
Microsoft Visual Studio Solution File, Format Version 12.00
# Visual Studio Version 16
VisualStudioVersion = 16.0.30611.23
MinimumVisualStudioVersion = 10.0.40219.1
Project("{FAE04EC0-301F-11D3-BF4B-00C04F79EFBC}") = "ProjetASP", "ProjetASP\ProjetASP.csproj", "{03AAB12D-9364-46C4-8CC1-BA2995B743BF}"
EndProject
Global
	GlobalSection(SolutionConfigurationPlatforms) = preSolution
		Debug|Any CPU = Debug|Any CPU
		Release|Any CPU = Release|Any CPU
	EndGlobalSection
	GlobalSection(ProjectConfigurationPlatforms) = postSolution
		{03AAB12D-9364-46C4-8CC1-BA2995B743BF}.Debug|Any CPU.ActiveCfg = Debug|Any CPU
		{03AAB12D-9364-46C4-8CC1-BA2995B743BF}.Debug|Any CPU.Build.0 = Debug|Any CPU
		{03AAB12D-9364-46C4-8CC1-BA2995B743BF}.Release|Any CPU.ActiveCfg = Release|Any CPU
		{03AAB12D-9364-46C4-8CC1-BA2995B743BF}.Release|Any CPU.Build.0 = Release|Any CPU
	EndGlobalSection
	GlobalSection(SolutionProperties) = preSolution
		HideSolutionNode = FALSE
	EndGlobalSection
	GlobalSection(ExtensibilityGlobals) = postSolution
		SolutionGuid = {F80F9082-A931-4237-9279-895A6AC15E2B}
	EndGlobalSection
EndGlobal
